
Microsoft Visual Studio Solution File, Format Version 12.00
# Visual Studio Version 17
VisualStudioVersion = 17.12.35527.113
MinimumVisualStudioVersion = 10.0.40219.1
Project("{FAE04EC0-301F-11D3-BF4B-00C04F79EFBC}") = "ChallangeApp1_2.0", "ChallangeApp1_2.0\ChallangeApp1_2.0.csproj", "{90899F8E-E57A-4110-8DF4-CDF4ED30F9D7}"
EndProject
Project("{FAE04EC0-301F-11D3-BF4B-00C04F79EFBC}") = "ChallangeApp1_2.0.test", "ChallangeApp1_2.0.test\ChallangeApp1_2.0.test.csproj", "{FDA9CAF9-E5B1-4FA4-BDE1-C9799EE78BE5}"
EndProject
Global
	GlobalSection(SolutionConfigurationPlatforms) = preSolution
		Debug|Any CPU = Debug|Any CPU
		Release|Any CPU = Release|Any CPU
	EndGlobalSection
	GlobalSection(ProjectConfigurationPlatforms) = postSolution
		{90899F8E-E57A-4110-8DF4-CDF4ED30F9D7}.Debug|Any CPU.ActiveCfg = Debug|Any CPU
		{90899F8E-E57A-4110-8DF4-CDF4ED30F9D7}.Debug|Any CPU.Build.0 = Debug|Any CPU
		{90899F8E-E57A-4110-8DF4-CDF4ED30F9D7}.Release|Any CPU.ActiveCfg = Release|Any CPU
		{90899F8E-E57A-4110-8DF4-CDF4ED30F9D7}.Release|Any CPU.Build.0 = Release|Any CPU
		{FDA9CAF9-E5B1-4FA4-BDE1-C9799EE78BE5}.Debug|Any CPU.ActiveCfg = Debug|Any CPU
		{FDA9CAF9-E5B1-4FA4-BDE1-C9799EE78BE5}.Debug|Any CPU.Build.0 = Debug|Any CPU
		{FDA9CAF9-E5B1-4FA4-BDE1-C9799EE78BE5}.Release|Any CPU.ActiveCfg = Release|Any CPU
		{FDA9CAF9-E5B1-4FA4-BDE1-C9799EE78BE5}.Release|Any CPU.Build.0 = Release|Any CPU
	EndGlobalSection
	GlobalSection(SolutionProperties) = preSolution
		HideSolutionNode = FALSE
	EndGlobalSection
EndGlobal
